
Microsoft Visual Studio Solution File, Format Version 12.00
# Visual Studio 15
VisualStudioVersion = 15.0.27004.2010
MinimumVisualStudioVersion = 10.0.40219.1
Project("{FAE04EC0-301F-11D3-BF4B-00C04F79EFBC}") = "Picture Manipulation", "Picture Manipulation\Picture Manipulation.csproj", "{B1BF0F55-5702-4F23-94C6-FB3EE5B83DE2}"
EndProject
Global
	GlobalSection(SolutionConfigurationPlatforms) = preSolution
		Debug|Any CPU = Debug|Any CPU
		Release|Any CPU = Release|Any CPU
	EndGlobalSection
	GlobalSection(ProjectConfigurationPlatforms) = postSolution
		{B1BF0F55-5702-4F23-94C6-FB3EE5B83DE2}.Debug|Any CPU.ActiveCfg = Debug|Any CPU
		{B1BF0F55-5702-4F23-94C6-FB3EE5B83DE2}.Debug|Any CPU.Build.0 = Debug|Any CPU
		{B1BF0F55-5702-4F23-94C6-FB3EE5B83DE2}.Release|Any CPU.ActiveCfg = Release|Any CPU
		{B1BF0F55-5702-4F23-94C6-FB3EE5B83DE2}.Release|Any CPU.Build.0 = Release|Any CPU
	EndGlobalSection
	GlobalSection(SolutionProperties) = preSolution
		HideSolutionNode = FALSE
	EndGlobalSection
	GlobalSection(ExtensibilityGlobals) = postSolution
		SolutionGuid = {C780C3DC-E263-4069-9A5E-D5657898EA74}
	EndGlobalSection
EndGlobal
