
Microsoft Visual Studio Solution File, Format Version 12.00
# Visual Studio Express 2012 for Windows Desktop
Project("{FAE04EC0-301F-11D3-BF4B-00C04F79EFBC}") = "Hangman Solver", "Hangman Solver\Hangman Solver.csproj", "{60054B17-FB4E-4459-A1D9-B01EB945C8DA}"
EndProject
Global
	GlobalSection(SolutionConfigurationPlatforms) = preSolution
		Debug|Any CPU = Debug|Any CPU
		Release|Any CPU = Release|Any CPU
	EndGlobalSection
	GlobalSection(ProjectConfigurationPlatforms) = postSolution
		{60054B17-FB4E-4459-A1D9-B01EB945C8DA}.Debug|Any CPU.ActiveCfg = Debug|Any CPU
		{60054B17-FB4E-4459-A1D9-B01EB945C8DA}.Debug|Any CPU.Build.0 = Debug|Any CPU
		{60054B17-FB4E-4459-A1D9-B01EB945C8DA}.Release|Any CPU.ActiveCfg = Release|Any CPU
		{60054B17-FB4E-4459-A1D9-B01EB945C8DA}.Release|Any CPU.Build.0 = Release|Any CPU
	EndGlobalSection
	GlobalSection(SolutionProperties) = preSolution
		HideSolutionNode = FALSE
	EndGlobalSection
EndGlobal
