
Microsoft Visual Studio Solution File, Format Version 12.00
# Visual Studio Express 2012 for Windows Desktop
Project("{FAE04EC0-301F-11D3-BF4B-00C04F79EFBC}") = "Primes", "Primes\Primes.csproj", "{0DB45CA3-7FFC-4F71-837C-92EAD7A3805D}"
EndProject
Global
	GlobalSection(SolutionConfigurationPlatforms) = preSolution
		Debug|Any CPU = Debug|Any CPU
		Release|Any CPU = Release|Any CPU
	EndGlobalSection
	GlobalSection(ProjectConfigurationPlatforms) = postSolution
		{0DB45CA3-7FFC-4F71-837C-92EAD7A3805D}.Debug|Any CPU.ActiveCfg = Debug|Any CPU
		{0DB45CA3-7FFC-4F71-837C-92EAD7A3805D}.Debug|Any CPU.Build.0 = Debug|Any CPU
		{0DB45CA3-7FFC-4F71-837C-92EAD7A3805D}.Release|Any CPU.ActiveCfg = Release|Any CPU
		{0DB45CA3-7FFC-4F71-837C-92EAD7A3805D}.Release|Any CPU.Build.0 = Release|Any CPU
	EndGlobalSection
	GlobalSection(SolutionProperties) = preSolution
		HideSolutionNode = FALSE
	EndGlobalSection
EndGlobal
